
Microsoft Visual Studio Solution File, Format Version 12.00
# Visual Studio Version 17
VisualStudioVersion = 17.11.35222.181
MinimumVisualStudioVersion = 10.0.40219.1
Project("{9A19103F-16F7-4668-BE54-9A1E7A4F7556}") = "paksell.Db", "paksell\paksell.Db.csproj", "{FC6AF76A-D469-4E3E-B339-AD83A2AAF182}"
EndProject
Project("{9A19103F-16F7-4668-BE54-9A1E7A4F7556}") = "PakSell.Models", "PakSell.Models\PakSell.Models.csproj", "{09DC6F09-E266-417A-80F1-9256C8FDC3D1}"
EndProject
Project("{FAE04EC0-301F-11D3-BF4B-00C04F79EFBC}") = "PakSell.RestApis", "PakSell.RestApis\PakSell.RestApis.csproj", "{4F0BB6ED-E646-4F52-A77C-41B89BA51526}"
EndProject
Global
	GlobalSection(SolutionConfigurationPlatforms) = preSolution
		Debug|Any CPU = Debug|Any CPU
		Release|Any CPU = Release|Any CPU
	EndGlobalSection
	GlobalSection(ProjectConfigurationPlatforms) = postSolution
		{FC6AF76A-D469-4E3E-B339-AD83A2AAF182}.Debug|Any CPU.ActiveCfg = Debug|Any CPU
		{FC6AF76A-D469-4E3E-B339-AD83A2AAF182}.Debug|Any CPU.Build.0 = Debug|Any CPU
		{FC6AF76A-D469-4E3E-B339-AD83A2AAF182}.Release|Any CPU.ActiveCfg = Release|Any CPU
		{FC6AF76A-D469-4E3E-B339-AD83A2AAF182}.Release|Any CPU.Build.0 = Release|Any CPU
		{09DC6F09-E266-417A-80F1-9256C8FDC3D1}.Debug|Any CPU.ActiveCfg = Debug|Any CPU
		{09DC6F09-E266-417A-80F1-9256C8FDC3D1}.Debug|Any CPU.Build.0 = Debug|Any CPU
		{09DC6F09-E266-417A-80F1-9256C8FDC3D1}.Release|Any CPU.ActiveCfg = Release|Any CPU
		{09DC6F09-E266-417A-80F1-9256C8FDC3D1}.Release|Any CPU.Build.0 = Release|Any CPU
		{4F0BB6ED-E646-4F52-A77C-41B89BA51526}.Debug|Any CPU.ActiveCfg = Debug|Any CPU
		{4F0BB6ED-E646-4F52-A77C-41B89BA51526}.Debug|Any CPU.Build.0 = Debug|Any CPU
		{4F0BB6ED-E646-4F52-A77C-41B89BA51526}.Release|Any CPU.ActiveCfg = Release|Any CPU
		{4F0BB6ED-E646-4F52-A77C-41B89BA51526}.Release|Any CPU.Build.0 = Release|Any CPU
	EndGlobalSection
	GlobalSection(SolutionProperties) = preSolution
		HideSolutionNode = FALSE
	EndGlobalSection
	GlobalSection(ExtensibilityGlobals) = postSolution
		SolutionGuid = {833D5003-B706-4C82-A457-50435A8679E6}
	EndGlobalSection
EndGlobal
